# THIS IS AN AUTOGENERATED FILE. DO NOT EDIT THIS FILE DIRECTLY.
# yarn lockfile v1


"@types/node@^17.0.21":
  version "17.0.21"
  resolved "https://registry.yarnpkg.com/@types/node/-/node-17.0.21.tgz#864b987c0c68d07b4345845c3e63b75edd143644"
  integrity sha512-DBZCJbhII3r90XbQxI8Y9IjjiiOGlZ0Hr32omXIZvwwZ7p4DMMXGrKXVyPfuoBOri9XNtL0UK69jYIBIsRX3QQ==

"@types/ramda@^0.28.1":
  version "0.28.1"
  resolved "https://registry.yarnpkg.com/@types/ramda/-/ramda-0.28.1.tgz#49766d1475bcb00ef8cc463a6b65484e50236547"
  integrity sha512-8wnJK5aPaGL7AYhQSe7olwxjhIB9GO4GOCxd6JjYlVNe128DHJDOu7Kyve4kx4uazeKJdnOS3N5TVRv0z1bb1g==
  dependencies:
    ts-toolbelt "^6.15.1"

ramda@^0.28.0:
  version "0.28.0"
  resolved "https://registry.yarnpkg.com/ramda/-/ramda-0.28.0.tgz#acd785690100337e8b063cab3470019be427cc97"
  integrity sha512-9QnLuG/kPVgWvMQ4aODhsBUFKOUmnbUnsSXACv+NCQZcHbeb+v8Lodp8OVxtRULN1/xOyYLLaL6npE6dMq5QTA==

ts-toolbelt@^6.15.1:
  version "6.15.5"
  resolved "https://registry.yarnpkg.com/ts-toolbelt/-/ts-toolbelt-6.15.5.tgz#cb3b43ed725cb63644782c64fbcad7d8f28c0a83"
  integrity sha512-FZIXf1ksVyLcfr7M317jbB67XFJhOO1YqdTcuGaq9q5jLUoTikukZ+98TPjKiP2jC5CgmYdWWYs0s2nLSU0/1A==

yaml@^2.0.0-10:
  version "2.0.0-10"
  resolved "https://registry.yarnpkg.com/yaml/-/yaml-2.0.0-10.tgz#d5b59e2d14b8683313a534f2bbc648e211a2753e"
  integrity sha512-FHV8s5ODFFQXX/enJEU2EkanNl1UDBUz8oa4k5Qo/sR+Iq7VmhCDkRMb0/mjJCNeAWQ31W8WV6PYStDE4d9EIw==
